
Microsoft Visual Studio Solution File, Format Version 12.00
# Visual Studio Version 17
VisualStudioVersion = 17.5.33530.505
MinimumVisualStudioVersion = 10.0.40219.1
Project("{9A19103F-16F7-4668-BE54-9A1E7A4F7556}") = "StocksApp", "StocksApp.csproj", "{65387433-B171-4AFA-84BC-750D41921294}"
EndProject
Project("{9A19103F-16F7-4668-BE54-9A1E7A4F7556}") = "Entities", "..\Entities\Entities.csproj", "{CEE8E1A7-5953-42B1-B190-58DB56B558E9}"
EndProject
Project("{9A19103F-16F7-4668-BE54-9A1E7A4F7556}") = "ServiceContracts", "..\ServiceContracts\ServiceContracts.csproj", "{238A16FD-D393-45CF-B006-DA4CC9403B6C}"
EndProject
Project("{9A19103F-16F7-4668-BE54-9A1E7A4F7556}") = "Services", "..\Services\Services.csproj", "{5861CE3B-2FF6-4CB9-93BE-496D0463D3F0}"
EndProject
Project("{9A19103F-16F7-4668-BE54-9A1E7A4F7556}") = "Tests", "..\Tests\Tests.csproj", "{0C244DD4-8C13-429C-968A-69A681093414}"
EndProject
Project("{9A19103F-16F7-4668-BE54-9A1E7A4F7556}") = "RepositoryContracts", "..\RepositoryContracts\RepositoryContracts.csproj", "{3B07F4D0-114A-4DCC-8996-1427BE84CD5D}"
EndProject
Project("{9A19103F-16F7-4668-BE54-9A1E7A4F7556}") = "Repositories", "..\Repositories\Repositories.csproj", "{F682E6D3-D792-4358-88CD-77926011BC9C}"
EndProject
Project("{FAE04EC0-301F-11D3-BF4B-00C04F79EFBC}") = "Exceptions", "..\Exceptions\Exceptions.csproj", "{FF4A4009-342E-479C-8D48-35CF48AC70B6}"
EndProject
Global
	GlobalSection(SolutionConfigurationPlatforms) = preSolution
		Debug|Any CPU = Debug|Any CPU
		Release|Any CPU = Release|Any CPU
	EndGlobalSection
	GlobalSection(ProjectConfigurationPlatforms) = postSolution
		{65387433-B171-4AFA-84BC-750D41921294}.Debug|Any CPU.ActiveCfg = Debug|Any CPU
		{65387433-B171-4AFA-84BC-750D41921294}.Debug|Any CPU.Build.0 = Debug|Any CPU
		{65387433-B171-4AFA-84BC-750D41921294}.Release|Any CPU.ActiveCfg = Release|Any CPU
		{65387433-B171-4AFA-84BC-750D41921294}.Release|Any CPU.Build.0 = Release|Any CPU
		{CEE8E1A7-5953-42B1-B190-58DB56B558E9}.Debug|Any CPU.ActiveCfg = Debug|Any CPU
		{CEE8E1A7-5953-42B1-B190-58DB56B558E9}.Debug|Any CPU.Build.0 = Debug|Any CPU
		{CEE8E1A7-5953-42B1-B190-58DB56B558E9}.Release|Any CPU.ActiveCfg = Release|Any CPU
		{CEE8E1A7-5953-42B1-B190-58DB56B558E9}.Release|Any CPU.Build.0 = Release|Any CPU
		{238A16FD-D393-45CF-B006-DA4CC9403B6C}.Debug|Any CPU.ActiveCfg = Debug|Any CPU
		{238A16FD-D393-45CF-B006-DA4CC9403B6C}.Debug|Any CPU.Build.0 = Debug|Any CPU
		{238A16FD-D393-45CF-B006-DA4CC9403B6C}.Release|Any CPU.ActiveCfg = Release|Any CPU
		{238A16FD-D393-45CF-B006-DA4CC9403B6C}.Release|Any CPU.Build.0 = Release|Any CPU
		{5861CE3B-2FF6-4CB9-93BE-496D0463D3F0}.Debug|Any CPU.ActiveCfg = Debug|Any CPU
		{5861CE3B-2FF6-4CB9-93BE-496D0463D3F0}.Debug|Any CPU.Build.0 = Debug|Any CPU
		{5861CE3B-2FF6-4CB9-93BE-496D0463D3F0}.Release|Any CPU.ActiveCfg = Release|Any CPU
		{5861CE3B-2FF6-4CB9-93BE-496D0463D3F0}.Release|Any CPU.Build.0 = Release|Any CPU
		{0C244DD4-8C13-429C-968A-69A681093414}.Debug|Any CPU.ActiveCfg = Debug|Any CPU
		{0C244DD4-8C13-429C-968A-69A681093414}.Debug|Any CPU.Build.0 = Debug|Any CPU
		{0C244DD4-8C13-429C-968A-69A681093414}.Release|Any CPU.ActiveCfg = Release|Any CPU
		{0C244DD4-8C13-429C-968A-69A681093414}.Release|Any CPU.Build.0 = Release|Any CPU
		{3B07F4D0-114A-4DCC-8996-1427BE84CD5D}.Debug|Any CPU.ActiveCfg = Debug|Any CPU
		{3B07F4D0-114A-4DCC-8996-1427BE84CD5D}.Debug|Any CPU.Build.0 = Debug|Any CPU
		{3B07F4D0-114A-4DCC-8996-1427BE84CD5D}.Release|Any CPU.ActiveCfg = Release|Any CPU
		{3B07F4D0-114A-4DCC-8996-1427BE84CD5D}.Release|Any CPU.Build.0 = Release|Any CPU
		{F682E6D3-D792-4358-88CD-77926011BC9C}.Debug|Any CPU.ActiveCfg = Debug|Any CPU
		{F682E6D3-D792-4358-88CD-77926011BC9C}.Debug|Any CPU.Build.0 = Debug|Any CPU
		{F682E6D3-D792-4358-88CD-77926011BC9C}.Release|Any CPU.ActiveCfg = Release|Any CPU
		{F682E6D3-D792-4358-88CD-77926011BC9C}.Release|Any CPU.Build.0 = Release|Any CPU
		{FF4A4009-342E-479C-8D48-35CF48AC70B6}.Debug|Any CPU.ActiveCfg = Debug|Any CPU
		{FF4A4009-342E-479C-8D48-35CF48AC70B6}.Debug|Any CPU.Build.0 = Debug|Any CPU
		{FF4A4009-342E-479C-8D48-35CF48AC70B6}.Release|Any CPU.ActiveCfg = Release|Any CPU
		{FF4A4009-342E-479C-8D48-35CF48AC70B6}.Release|Any CPU.Build.0 = Release|Any CPU
	EndGlobalSection
	GlobalSection(SolutionProperties) = preSolution
		HideSolutionNode = FALSE
	EndGlobalSection
	GlobalSection(ExtensibilityGlobals) = postSolution
		SolutionGuid = {9DCDC369-88F4-4FBC-ACDE-3FF4C65C6C70}
	EndGlobalSection
EndGlobal
